
Microsoft Visual Studio Solution File, Format Version 12.00
Project("{FAE04EC0-301F-11D3-BF4B-00C04F79EFBC}") = "Programovani.Consumption", "Programovani.Consumption\Programovani.Consumption.csproj", "{27A1013D-D9A9-4D06-97B2-5A45CF3710C5}"
EndProject
Project("{FAE04EC0-301F-11D3-BF4B-00C04F79EFBC}") = "Programovani.Library", "Programovani.Library\Programovani.Library.csproj", "{2A3BE5F9-E066-48BC-B2E7-90C59A605C06}"
EndProject
Project("{FAE04EC0-301F-11D3-BF4B-00C04F79EFBC}") = "Programovani.VisualMovement", "Programovani.VisualMovement\Programovani.VisualMovement.csproj", "{D75B9939-E588-49B4-BF0A-4270CF10E3A8}"
EndProject
Project("{FAE04EC0-301F-11D3-BF4B-00C04F79EFBC}") = "Programovani.Dictionary", "Programovani.Dictionary\Programovani.Dictionary.csproj", "{4C28E706-8A15-4F3D-895C-715DCF5CE211}"
EndProject
Project("{FAE04EC0-301F-11D3-BF4B-00C04F79EFBC}") = "Programovani.Semester01", "Programovani.Semester01\Programovani.Semester01.csproj", "{9CF20A7B-9A60-4CE2-95D4-A4982F7D22FE}"
EndProject
Project("{FAE04EC0-301F-11D3-BF4B-00C04F79EFBC}") = "Programovani.Discord", "Programovani.Discord\Programovani.Discord.csproj", "{E9F9122B-5D8C-41F5-B69C-2EAC849D62CA}"
EndProject
Global
	GlobalSection(SolutionConfigurationPlatforms) = preSolution
		Debug|Any CPU = Debug|Any CPU
		Release|Any CPU = Release|Any CPU
	EndGlobalSection
	GlobalSection(ProjectConfigurationPlatforms) = postSolution
		{27A1013D-D9A9-4D06-97B2-5A45CF3710C5}.Debug|Any CPU.ActiveCfg = Debug|Any CPU
		{27A1013D-D9A9-4D06-97B2-5A45CF3710C5}.Debug|Any CPU.Build.0 = Debug|Any CPU
		{27A1013D-D9A9-4D06-97B2-5A45CF3710C5}.Release|Any CPU.ActiveCfg = Release|Any CPU
		{27A1013D-D9A9-4D06-97B2-5A45CF3710C5}.Release|Any CPU.Build.0 = Release|Any CPU
		{2A3BE5F9-E066-48BC-B2E7-90C59A605C06}.Debug|Any CPU.ActiveCfg = Debug|Any CPU
		{2A3BE5F9-E066-48BC-B2E7-90C59A605C06}.Debug|Any CPU.Build.0 = Debug|Any CPU
		{2A3BE5F9-E066-48BC-B2E7-90C59A605C06}.Release|Any CPU.ActiveCfg = Release|Any CPU
		{2A3BE5F9-E066-48BC-B2E7-90C59A605C06}.Release|Any CPU.Build.0 = Release|Any CPU
		{D75B9939-E588-49B4-BF0A-4270CF10E3A8}.Debug|Any CPU.ActiveCfg = Debug|Any CPU
		{D75B9939-E588-49B4-BF0A-4270CF10E3A8}.Debug|Any CPU.Build.0 = Debug|Any CPU
		{D75B9939-E588-49B4-BF0A-4270CF10E3A8}.Release|Any CPU.ActiveCfg = Release|Any CPU
		{D75B9939-E588-49B4-BF0A-4270CF10E3A8}.Release|Any CPU.Build.0 = Release|Any CPU
		{4C28E706-8A15-4F3D-895C-715DCF5CE211}.Debug|Any CPU.ActiveCfg = Debug|Any CPU
		{4C28E706-8A15-4F3D-895C-715DCF5CE211}.Debug|Any CPU.Build.0 = Debug|Any CPU
		{4C28E706-8A15-4F3D-895C-715DCF5CE211}.Release|Any CPU.ActiveCfg = Release|Any CPU
		{4C28E706-8A15-4F3D-895C-715DCF5CE211}.Release|Any CPU.Build.0 = Release|Any CPU
		{9CF20A7B-9A60-4CE2-95D4-A4982F7D22FE}.Debug|Any CPU.ActiveCfg = Debug|Any CPU
		{9CF20A7B-9A60-4CE2-95D4-A4982F7D22FE}.Debug|Any CPU.Build.0 = Debug|Any CPU
		{9CF20A7B-9A60-4CE2-95D4-A4982F7D22FE}.Release|Any CPU.ActiveCfg = Release|Any CPU
		{9CF20A7B-9A60-4CE2-95D4-A4982F7D22FE}.Release|Any CPU.Build.0 = Release|Any CPU
		{E9F9122B-5D8C-41F5-B69C-2EAC849D62CA}.Debug|Any CPU.ActiveCfg = Debug|Any CPU
		{E9F9122B-5D8C-41F5-B69C-2EAC849D62CA}.Debug|Any CPU.Build.0 = Debug|Any CPU
		{E9F9122B-5D8C-41F5-B69C-2EAC849D62CA}.Release|Any CPU.ActiveCfg = Release|Any CPU
		{E9F9122B-5D8C-41F5-B69C-2EAC849D62CA}.Release|Any CPU.Build.0 = Release|Any CPU
	EndGlobalSection
EndGlobal
